
Microsoft Visual Studio Solution File, Format Version 12.00
# Visual Studio Version 16
VisualStudioVersion = 16.0.30621.155
MinimumVisualStudioVersion = 10.0.40219.1
Project("{9A19103F-16F7-4668-BE54-9A1E7A4F7556}") = "Basic-BankAcc", "Basic-BankAcc\Basic-BankAcc.csproj", "{731B38C8-5990-4D8A-A121-810EF469C195}"
EndProject
Global
	GlobalSection(SolutionConfigurationPlatforms) = preSolution
		Debug|Any CPU = Debug|Any CPU
		Release|Any CPU = Release|Any CPU
	EndGlobalSection
	GlobalSection(ProjectConfigurationPlatforms) = postSolution
		{731B38C8-5990-4D8A-A121-810EF469C195}.Debug|Any CPU.ActiveCfg = Debug|Any CPU
		{731B38C8-5990-4D8A-A121-810EF469C195}.Debug|Any CPU.Build.0 = Debug|Any CPU
		{731B38C8-5990-4D8A-A121-810EF469C195}.Release|Any CPU.ActiveCfg = Release|Any CPU
		{731B38C8-5990-4D8A-A121-810EF469C195}.Release|Any CPU.Build.0 = Release|Any CPU
	EndGlobalSection
	GlobalSection(SolutionProperties) = preSolution
		HideSolutionNode = FALSE
	EndGlobalSection
	GlobalSection(ExtensibilityGlobals) = postSolution
		SolutionGuid = {038F3B30-9634-4349-A803-8DBAB86ED6BB}
	EndGlobalSection
EndGlobal
